
Microsoft Visual Studio Solution File, Format Version 12.00
# Visual Studio Version 17
VisualStudioVersion = 17.11.35327.3
MinimumVisualStudioVersion = 10.0.40219.1
Project("{9A19103F-16F7-4668-BE54-9A1E7A4F7556}") = "FlightProject.WebApi", "FlightProject.WebApi\FlightProject.WebApi.csproj", "{B794A129-1C37-49A1-BD2F-BAACAAED6B81}"
EndProject
Project("{9A19103F-16F7-4668-BE54-9A1E7A4F7556}") = "FlightProject.Domain", "FlightProject.Domain\FlightProject.Domain.csproj", "{910CB865-E4CC-440D-9979-AE8A10B4B6A0}"
EndProject
Project("{E53339B2-1760-4266-BCC7-CA923CBCF16C}") = "docker-compose", "docker-compose.dcproj", "{D31E2816-58B6-4D5A-92B3-981BFA66F50C}"
EndProject
Project("{FAE04EC0-301F-11D3-BF4B-00C04F79EFBC}") = "FlightProject.Application", "FlightProject.Application\FlightProject.Application.csproj", "{526E152B-51B9-4FC7-B718-408BD65D6645}"
EndProject
Project("{FAE04EC0-301F-11D3-BF4B-00C04F79EFBC}") = "FlightProject.UIClient", "FlightProject.UIClient\FlightProject.UIClient.csproj", "{59DD2531-9241-4597-93EC-07478826250E}"
EndProject
Project("{FAE04EC0-301F-11D3-BF4B-00C04F79EFBC}") = "FlightProject.Shared", "..\FlightProject.Shared\FlightProject.Shared.csproj", "{22E68E69-2B82-4C86-A742-483E813927E6}"
EndProject
Global
	GlobalSection(SolutionConfigurationPlatforms) = preSolution
		Debug|Any CPU = Debug|Any CPU
		Release|Any CPU = Release|Any CPU
	EndGlobalSection
	GlobalSection(ProjectConfigurationPlatforms) = postSolution
		{B794A129-1C37-49A1-BD2F-BAACAAED6B81}.Debug|Any CPU.ActiveCfg = Debug|Any CPU
		{B794A129-1C37-49A1-BD2F-BAACAAED6B81}.Debug|Any CPU.Build.0 = Debug|Any CPU
		{B794A129-1C37-49A1-BD2F-BAACAAED6B81}.Release|Any CPU.ActiveCfg = Release|Any CPU
		{B794A129-1C37-49A1-BD2F-BAACAAED6B81}.Release|Any CPU.Build.0 = Release|Any CPU
		{910CB865-E4CC-440D-9979-AE8A10B4B6A0}.Debug|Any CPU.ActiveCfg = Debug|Any CPU
		{910CB865-E4CC-440D-9979-AE8A10B4B6A0}.Debug|Any CPU.Build.0 = Debug|Any CPU
		{910CB865-E4CC-440D-9979-AE8A10B4B6A0}.Release|Any CPU.ActiveCfg = Release|Any CPU
		{910CB865-E4CC-440D-9979-AE8A10B4B6A0}.Release|Any CPU.Build.0 = Release|Any CPU
		{D31E2816-58B6-4D5A-92B3-981BFA66F50C}.Debug|Any CPU.ActiveCfg = Debug|Any CPU
		{D31E2816-58B6-4D5A-92B3-981BFA66F50C}.Debug|Any CPU.Build.0 = Debug|Any CPU
		{D31E2816-58B6-4D5A-92B3-981BFA66F50C}.Release|Any CPU.ActiveCfg = Release|Any CPU
		{D31E2816-58B6-4D5A-92B3-981BFA66F50C}.Release|Any CPU.Build.0 = Release|Any CPU
		{526E152B-51B9-4FC7-B718-408BD65D6645}.Debug|Any CPU.ActiveCfg = Debug|Any CPU
		{526E152B-51B9-4FC7-B718-408BD65D6645}.Debug|Any CPU.Build.0 = Debug|Any CPU
		{526E152B-51B9-4FC7-B718-408BD65D6645}.Release|Any CPU.ActiveCfg = Release|Any CPU
		{526E152B-51B9-4FC7-B718-408BD65D6645}.Release|Any CPU.Build.0 = Release|Any CPU
		{59DD2531-9241-4597-93EC-07478826250E}.Debug|Any CPU.ActiveCfg = Debug|Any CPU
		{59DD2531-9241-4597-93EC-07478826250E}.Debug|Any CPU.Build.0 = Debug|Any CPU
		{59DD2531-9241-4597-93EC-07478826250E}.Release|Any CPU.ActiveCfg = Release|Any CPU
		{59DD2531-9241-4597-93EC-07478826250E}.Release|Any CPU.Build.0 = Release|Any CPU
		{22E68E69-2B82-4C86-A742-483E813927E6}.Debug|Any CPU.ActiveCfg = Debug|Any CPU
		{22E68E69-2B82-4C86-A742-483E813927E6}.Debug|Any CPU.Build.0 = Debug|Any CPU
		{22E68E69-2B82-4C86-A742-483E813927E6}.Release|Any CPU.ActiveCfg = Release|Any CPU
		{22E68E69-2B82-4C86-A742-483E813927E6}.Release|Any CPU.Build.0 = Release|Any CPU
	EndGlobalSection
	GlobalSection(SolutionProperties) = preSolution
		HideSolutionNode = FALSE
	EndGlobalSection
	GlobalSection(ExtensibilityGlobals) = postSolution
		SolutionGuid = {5325D4A2-1472-4C01-9794-905205F21810}
	EndGlobalSection
EndGlobal
